
Microsoft Visual Studio Solution File, Format Version 12.00
# Visual Studio Version 16
VisualStudioVersion = 16.0.30611.23
MinimumVisualStudioVersion = 10.0.40219.1
Project("{2150E333-8FDC-42A3-9474-1A3956D46DE8}") = "Services", "Services", "{90D3AC24-C24C-4EF5-A1A6-4E055CCD0E0A}"
EndProject
Project("{2150E333-8FDC-42A3-9474-1A3956D46DE8}") = "WebApps", "WebApps", "{1872D54D-A9C6-4EDC-A18F-91C3BA8F042D}"
EndProject
Project("{2150E333-8FDC-42A3-9474-1A3956D46DE8}") = "Cadastros", "Cadastros", "{CC24B19A-1684-40D2-A757-7956D3DF478F}"
EndProject
Project("{2150E333-8FDC-42A3-9474-1A3956D46DE8}") = "Catalogo", "Catalogo", "{F9D0792C-6C30-4B72-821E-C1EC7950D8CD}"
EndProject
Project("{2150E333-8FDC-42A3-9474-1A3956D46DE8}") = "Core", "Core", "{EDCAB15F-D568-4376-941E-043C367E8173}"
EndProject
Project("{2150E333-8FDC-42A3-9474-1A3956D46DE8}") = "Fiscal", "Fiscal", "{C45B6334-AC44-4DD7-A639-E5EBB0650255}"
EndProject
Project("{2150E333-8FDC-42A3-9474-1A3956D46DE8}") = "Pagamentos", "Pagamentos", "{4402D113-12EC-4E5D-97DE-F755AC2F2C94}"
EndProject
Project("{2150E333-8FDC-42A3-9474-1A3956D46DE8}") = "Vendas", "Vendas", "{1D6E04A5-ADD5-426B-BF98-443509A8FBD1}"
EndProject
Project("{9A19103F-16F7-4668-BE54-9A1E7A4F7556}") = "NerdStore.Catalogo.Domain", "src\NerdStore.Catalogo.Domain\NerdStore.Catalogo.Domain.csproj", "{74BCE571-4F6F-441C-9B7B-A31C38F1A73E}"
EndProject
Project("{9A19103F-16F7-4668-BE54-9A1E7A4F7556}") = "NerdStore.Core", "src\NerdStore.Core\NerdStore.Core.csproj", "{B4FFF0D2-D3AA-4371-ADD0-07EFD2BC4AFB}"
EndProject
Project("{2150E333-8FDC-42A3-9474-1A3956D46DE8}") = "Tests", "Tests", "{A3B56A11-EB04-4106-8452-65608A8DD27A}"
EndProject
Project("{9A19103F-16F7-4668-BE54-9A1E7A4F7556}") = "NerdStore.Catalogo.Domain.Tests", "tests\NerdStore.Catalogo.Domain.Tests\NerdStore.Catalogo.Domain.Tests.csproj", "{79D68083-EF78-4385-A28E-CF11914283EF}"
EndProject
Project("{9A19103F-16F7-4668-BE54-9A1E7A4F7556}") = "NerdStore.Catalogo.Data", "NerdStore.Catalogo.Data\NerdStore.Catalogo.Data.csproj", "{2613EB95-BED0-477B-A2E9-78908FA5AD7A}"
EndProject
Project("{9A19103F-16F7-4668-BE54-9A1E7A4F7556}") = "NerdStore.Catalogo.Application", "src\NerdStore.Catalogo.Application\NerdStore.Catalogo.Application.csproj", "{09939CDB-20F4-41F4-98BC-8D140515436A}"
EndProject
Project("{9A19103F-16F7-4668-BE54-9A1E7A4F7556}") = "NerdStore.WebApp.MVC", "src\NerdStore.WebApp.MVC\NerdStore.WebApp.MVC.csproj", "{C4D0379F-708A-4580-A617-F41F856F2812}"
EndProject
Project("{9A19103F-16F7-4668-BE54-9A1E7A4F7556}") = "NerdStore.Vendas.Domain", "src\NerdStore.Vendas.Domain\NerdStore.Vendas.Domain.csproj", "{E7909939-2BB3-4FAE-85F5-46520254A10F}"
EndProject
Project("{9A19103F-16F7-4668-BE54-9A1E7A4F7556}") = "NerdStore.Vendas.Application", "src\NerdStore.Vendas.Application\NerdStore.Vendas.Application.csproj", "{0459CEAD-387E-4008-92A6-88722B5BBB76}"
EndProject
Project("{9A19103F-16F7-4668-BE54-9A1E7A4F7556}") = "NerdStore.Vendas.Data", "src\NerdStore.Vendas.Data\NerdStore.Vendas.Data.csproj", "{77F874D9-CCCA-4335-97B3-AB0CB355C142}"
EndProject
Project("{9A19103F-16F7-4668-BE54-9A1E7A4F7556}") = "NerdStore.Pagamentos.AntiCorruption", "src\NerdStore.Pagamentos.AntiCorruption\NerdStore.Pagamentos.AntiCorruption.csproj", "{A930CDDD-8186-4720-B4B3-4BEB27A424A3}"
EndProject
Project("{9A19103F-16F7-4668-BE54-9A1E7A4F7556}") = "NerdStore.Pagamentos.Business", "src\NerdStore.Pagamentos.Business\NerdStore.Pagamentos.Business.csproj", "{CCB8B3FD-2D73-4F67-8259-E47775F4D3A1}"
EndProject
Project("{9A19103F-16F7-4668-BE54-9A1E7A4F7556}") = "NerdStore.Pagamentos.Data", "src\NerdStore.Pagamentos.Data\NerdStore.Pagamentos.Data.csproj", "{D3ACA5BD-6D81-4C2F-B9AF-1D90F2D1231B}"
EndProject
Project("{2150E333-8FDC-42A3-9474-1A3956D46DE8}") = "BuildingBlocks", "BuildingBlocks", "{27FBAF31-42A8-43C1-90D5-97C39DC4A437}"
EndProject
Project("{FAE04EC0-301F-11D3-BF4B-00C04F79EFBC}") = "EventSourcing", "src\EventSourcing\EventSourcing.csproj", "{CA6370B3-A4CE-4891-A36D-28682A05B4A1}"
EndProject
Global
	GlobalSection(SolutionConfigurationPlatforms) = preSolution
		Debug|Any CPU = Debug|Any CPU
		Release|Any CPU = Release|Any CPU
	EndGlobalSection
	GlobalSection(ProjectConfigurationPlatforms) = postSolution
		{74BCE571-4F6F-441C-9B7B-A31C38F1A73E}.Debug|Any CPU.ActiveCfg = Debug|Any CPU
		{74BCE571-4F6F-441C-9B7B-A31C38F1A73E}.Debug|Any CPU.Build.0 = Debug|Any CPU
		{74BCE571-4F6F-441C-9B7B-A31C38F1A73E}.Release|Any CPU.ActiveCfg = Release|Any CPU
		{74BCE571-4F6F-441C-9B7B-A31C38F1A73E}.Release|Any CPU.Build.0 = Release|Any CPU
		{B4FFF0D2-D3AA-4371-ADD0-07EFD2BC4AFB}.Debug|Any CPU.ActiveCfg = Debug|Any CPU
		{B4FFF0D2-D3AA-4371-ADD0-07EFD2BC4AFB}.Debug|Any CPU.Build.0 = Debug|Any CPU
		{B4FFF0D2-D3AA-4371-ADD0-07EFD2BC4AFB}.Release|Any CPU.ActiveCfg = Release|Any CPU
		{B4FFF0D2-D3AA-4371-ADD0-07EFD2BC4AFB}.Release|Any CPU.Build.0 = Release|Any CPU
		{79D68083-EF78-4385-A28E-CF11914283EF}.Debug|Any CPU.ActiveCfg = Debug|Any CPU
		{79D68083-EF78-4385-A28E-CF11914283EF}.Debug|Any CPU.Build.0 = Debug|Any CPU
		{79D68083-EF78-4385-A28E-CF11914283EF}.Release|Any CPU.ActiveCfg = Release|Any CPU
		{79D68083-EF78-4385-A28E-CF11914283EF}.Release|Any CPU.Build.0 = Release|Any CPU
		{2613EB95-BED0-477B-A2E9-78908FA5AD7A}.Debug|Any CPU.ActiveCfg = Debug|Any CPU
		{2613EB95-BED0-477B-A2E9-78908FA5AD7A}.Debug|Any CPU.Build.0 = Debug|Any CPU
		{2613EB95-BED0-477B-A2E9-78908FA5AD7A}.Release|Any CPU.ActiveCfg = Release|Any CPU
		{2613EB95-BED0-477B-A2E9-78908FA5AD7A}.Release|Any CPU.Build.0 = Release|Any CPU
		{09939CDB-20F4-41F4-98BC-8D140515436A}.Debug|Any CPU.ActiveCfg = Debug|Any CPU
		{09939CDB-20F4-41F4-98BC-8D140515436A}.Debug|Any CPU.Build.0 = Debug|Any CPU
		{09939CDB-20F4-41F4-98BC-8D140515436A}.Release|Any CPU.ActiveCfg = Release|Any CPU
		{09939CDB-20F4-41F4-98BC-8D140515436A}.Release|Any CPU.Build.0 = Release|Any CPU
		{C4D0379F-708A-4580-A617-F41F856F2812}.Debug|Any CPU.ActiveCfg = Debug|Any CPU
		{C4D0379F-708A-4580-A617-F41F856F2812}.Debug|Any CPU.Build.0 = Debug|Any CPU
		{C4D0379F-708A-4580-A617-F41F856F2812}.Release|Any CPU.ActiveCfg = Release|Any CPU
		{C4D0379F-708A-4580-A617-F41F856F2812}.Release|Any CPU.Build.0 = Release|Any CPU
		{E7909939-2BB3-4FAE-85F5-46520254A10F}.Debug|Any CPU.ActiveCfg = Debug|Any CPU
		{E7909939-2BB3-4FAE-85F5-46520254A10F}.Debug|Any CPU.Build.0 = Debug|Any CPU
		{E7909939-2BB3-4FAE-85F5-46520254A10F}.Release|Any CPU.ActiveCfg = Release|Any CPU
		{E7909939-2BB3-4FAE-85F5-46520254A10F}.Release|Any CPU.Build.0 = Release|Any CPU
		{0459CEAD-387E-4008-92A6-88722B5BBB76}.Debug|Any CPU.ActiveCfg = Debug|Any CPU
		{0459CEAD-387E-4008-92A6-88722B5BBB76}.Debug|Any CPU.Build.0 = Debug|Any CPU
		{0459CEAD-387E-4008-92A6-88722B5BBB76}.Release|Any CPU.ActiveCfg = Release|Any CPU
		{0459CEAD-387E-4008-92A6-88722B5BBB76}.Release|Any CPU.Build.0 = Release|Any CPU
		{77F874D9-CCCA-4335-97B3-AB0CB355C142}.Debug|Any CPU.ActiveCfg = Debug|Any CPU
		{77F874D9-CCCA-4335-97B3-AB0CB355C142}.Debug|Any CPU.Build.0 = Debug|Any CPU
		{77F874D9-CCCA-4335-97B3-AB0CB355C142}.Release|Any CPU.ActiveCfg = Release|Any CPU
		{77F874D9-CCCA-4335-97B3-AB0CB355C142}.Release|Any CPU.Build.0 = Release|Any CPU
		{A930CDDD-8186-4720-B4B3-4BEB27A424A3}.Debug|Any CPU.ActiveCfg = Debug|Any CPU
		{A930CDDD-8186-4720-B4B3-4BEB27A424A3}.Debug|Any CPU.Build.0 = Debug|Any CPU
		{A930CDDD-8186-4720-B4B3-4BEB27A424A3}.Release|Any CPU.ActiveCfg = Release|Any CPU
		{A930CDDD-8186-4720-B4B3-4BEB27A424A3}.Release|Any CPU.Build.0 = Release|Any CPU
		{CCB8B3FD-2D73-4F67-8259-E47775F4D3A1}.Debug|Any CPU.ActiveCfg = Debug|Any CPU
		{CCB8B3FD-2D73-4F67-8259-E47775F4D3A1}.Debug|Any CPU.Build.0 = Debug|Any CPU
		{CCB8B3FD-2D73-4F67-8259-E47775F4D3A1}.Release|Any CPU.ActiveCfg = Release|Any CPU
		{CCB8B3FD-2D73-4F67-8259-E47775F4D3A1}.Release|Any CPU.Build.0 = Release|Any CPU
		{D3ACA5BD-6D81-4C2F-B9AF-1D90F2D1231B}.Debug|Any CPU.ActiveCfg = Debug|Any CPU
		{D3ACA5BD-6D81-4C2F-B9AF-1D90F2D1231B}.Debug|Any CPU.Build.0 = Debug|Any CPU
		{D3ACA5BD-6D81-4C2F-B9AF-1D90F2D1231B}.Release|Any CPU.ActiveCfg = Release|Any CPU
		{D3ACA5BD-6D81-4C2F-B9AF-1D90F2D1231B}.Release|Any CPU.Build.0 = Release|Any CPU
		{CA6370B3-A4CE-4891-A36D-28682A05B4A1}.Debug|Any CPU.ActiveCfg = Debug|Any CPU
		{CA6370B3-A4CE-4891-A36D-28682A05B4A1}.Debug|Any CPU.Build.0 = Debug|Any CPU
		{CA6370B3-A4CE-4891-A36D-28682A05B4A1}.Release|Any CPU.ActiveCfg = Release|Any CPU
		{CA6370B3-A4CE-4891-A36D-28682A05B4A1}.Release|Any CPU.Build.0 = Release|Any CPU
	EndGlobalSection
	GlobalSection(SolutionProperties) = preSolution
		HideSolutionNode = FALSE
	EndGlobalSection
	GlobalSection(NestedProjects) = preSolution
		{CC24B19A-1684-40D2-A757-7956D3DF478F} = {90D3AC24-C24C-4EF5-A1A6-4E055CCD0E0A}
		{F9D0792C-6C30-4B72-821E-C1EC7950D8CD} = {90D3AC24-C24C-4EF5-A1A6-4E055CCD0E0A}
		{EDCAB15F-D568-4376-941E-043C367E8173} = {90D3AC24-C24C-4EF5-A1A6-4E055CCD0E0A}
		{C45B6334-AC44-4DD7-A639-E5EBB0650255} = {90D3AC24-C24C-4EF5-A1A6-4E055CCD0E0A}
		{4402D113-12EC-4E5D-97DE-F755AC2F2C94} = {90D3AC24-C24C-4EF5-A1A6-4E055CCD0E0A}
		{1D6E04A5-ADD5-426B-BF98-443509A8FBD1} = {90D3AC24-C24C-4EF5-A1A6-4E055CCD0E0A}
		{74BCE571-4F6F-441C-9B7B-A31C38F1A73E} = {F9D0792C-6C30-4B72-821E-C1EC7950D8CD}
		{B4FFF0D2-D3AA-4371-ADD0-07EFD2BC4AFB} = {EDCAB15F-D568-4376-941E-043C367E8173}
		{A3B56A11-EB04-4106-8452-65608A8DD27A} = {F9D0792C-6C30-4B72-821E-C1EC7950D8CD}
		{79D68083-EF78-4385-A28E-CF11914283EF} = {A3B56A11-EB04-4106-8452-65608A8DD27A}
		{2613EB95-BED0-477B-A2E9-78908FA5AD7A} = {F9D0792C-6C30-4B72-821E-C1EC7950D8CD}
		{09939CDB-20F4-41F4-98BC-8D140515436A} = {F9D0792C-6C30-4B72-821E-C1EC7950D8CD}
		{C4D0379F-708A-4580-A617-F41F856F2812} = {1872D54D-A9C6-4EDC-A18F-91C3BA8F042D}
		{E7909939-2BB3-4FAE-85F5-46520254A10F} = {1D6E04A5-ADD5-426B-BF98-443509A8FBD1}
		{0459CEAD-387E-4008-92A6-88722B5BBB76} = {1D6E04A5-ADD5-426B-BF98-443509A8FBD1}
		{77F874D9-CCCA-4335-97B3-AB0CB355C142} = {1D6E04A5-ADD5-426B-BF98-443509A8FBD1}
		{A930CDDD-8186-4720-B4B3-4BEB27A424A3} = {4402D113-12EC-4E5D-97DE-F755AC2F2C94}
		{CCB8B3FD-2D73-4F67-8259-E47775F4D3A1} = {4402D113-12EC-4E5D-97DE-F755AC2F2C94}
		{D3ACA5BD-6D81-4C2F-B9AF-1D90F2D1231B} = {4402D113-12EC-4E5D-97DE-F755AC2F2C94}
		{CA6370B3-A4CE-4891-A36D-28682A05B4A1} = {27FBAF31-42A8-43C1-90D5-97C39DC4A437}
	EndGlobalSection
	GlobalSection(ExtensibilityGlobals) = postSolution
		SolutionGuid = {3F68236C-D6FD-43FE-B5F1-2E76914E6132}
	EndGlobalSection
EndGlobal
